{
  "name": "wemeet-frontend",
  "lockfileVersion": 3,
  "requires": true,
  "packages": {
    "": {
      "dependencies": {
        "react-native-pinchable": "^0.2.1"
      }
    },
    "node_modules/react-native-pinchable": {
      "version": "0.2.1",
      "resolved": "https://registry.npmjs.org/react-native-pinchable/-/react-native-pinchable-0.2.1.tgz",
      "integrity": "sha512-LRSLCrizUX/XtYwwBxyuYL4xDLUhyPbBvD/tUpzns0PX2Zs0pR0fd/LsFm/n6tEigCLL/0KlDrOVhOdW3wtz+Q=="
    }
  }
}
